
Microsoft Visual Studio Solution File, Format Version 12.00
# Visual Studio Version 17
VisualStudioVersion = 17.9.34701.34
MinimumVisualStudioVersion = 10.0.40219.1
Project("{888888A0-9F3D-457C-B088-3A5042F75D52}") = "Specode", "Specode.pyproj", "{BB26D32D-2626-412B-A4D8-E883CCE12D76}"
EndProject
Global
	GlobalSection(SolutionConfigurationPlatforms) = preSolution
		Debug|Any CPU = Debug|Any CPU
		Release|Any CPU = Release|Any CPU
	EndGlobalSection
	GlobalSection(ProjectConfigurationPlatforms) = postSolution
		{BB26D32D-2626-412B-A4D8-E883CCE12D76}.Debug|Any CPU.ActiveCfg = Debug|Any CPU
		{BB26D32D-2626-412B-A4D8-E883CCE12D76}.Release|Any CPU.ActiveCfg = Release|Any CPU
	EndGlobalSection
	GlobalSection(SolutionProperties) = preSolution
		HideSolutionNode = FALSE
	EndGlobalSection
	GlobalSection(ExtensibilityGlobals) = postSolution
		SolutionGuid = {14AAE99E-0456-44FE-AB95-A1F9213669B5}
	EndGlobalSection
EndGlobal
